{
  "name": "flask_remote",
  "lockfileVersion": 3,
  "requires": true,
  "packages": {
    "": {
      "dependencies": {
        "browser-tool": "^1.3.1"
      }
    },
    "node_modules/browser-tool": {
      "version": "1.3.1",
      "resolved": "https://registry.npmjs.org/browser-tool/-/browser-tool-1.3.1.tgz",
      "integrity": "sha512-QVzyDjoQewxONtvtpWA+9jJqMdc8Y4wT040hPyps+kaACp9NR2IouVUJXLQrtJWQP8BT8vK7XA6ThnaGvuozOQ=="
    }
  }
}
